// !$*UTF8*$!
{
	archiveVersion = 1;
	classes = {
	};
	objectVersion = 50;
	objects = {

/* Begin PBXBuildFile section */
		79FFD74B247F7E5D00ABB455 /* AppDelegate.swift in Sources */ = {isa = PBXBuildFile; fileRef = 79FFD74A247F7E5D00ABB455 /* AppDelegate.swift */; };
		79FFD74D247F7E5D00ABB455 /* SceneDelegate.swift in Sources */ = {isa = PBXBuildFile; fileRef = 79FFD74C247F7E5D00ABB455 /* SceneDelegate.swift */; };
		79FFD74F247F7E5D00ABB455 /* ViewController.swift in Sources */ = {isa = PBXBuildFile; fileRef = 79FFD74E247F7E5D00ABB455 /* ViewController.swift */; };
		79FFD752247F7E5D00ABB455 /* Main.storyboard in Resources */ = {isa = PBXBuildFile; fileRef = 79FFD750247F7E5D00ABB455 /* Main.storyboard */; };
		79FFD754247F7E6800ABB455 /* Assets.xcassets in Resources */ = {isa = PBXBuildFile; fileRef = 79FFD753247F7E6800ABB455 /* Assets.xcassets */; };
		79FFD757247F7E6800ABB455 /* LaunchScreen.storyboard in Resources */ = {isa = PBXBuildFile; fileRef = 79FFD755247F7E6800ABB455 /* LaunchScreen.storyboard */; };
/* End PBXBuildFile section */

/* Begin PBXFileReference section */
		79FFD747247F7E5D00ABB455 /* iPhoneOneApp.app */ = {isa = PBXFileReference; explicitFileType = wrapper.application; includeInIndex = 0; path = iPhoneOneApp.app; sourceTree = BUILT_PRODUCTS_DIR; };
		79FFD74A247F7E5D00ABB455 /* AppDelegate.swift */ = {isa = PBXFileReference; lastKnownFileType = sourcecode.swift; path = AppDelegate.swift; sourceTree = "<group>"; };
		79FFD74C247F7E5D00ABB455 /* SceneDelegate.swift */ = {isa = PBXFileReference; lastKnownFileType = sourcecode.swift; path = SceneDelegate.swift; sourceTree = "<group>"; };
		79FFD74E247F7E5D00ABB455 /* ViewController.swift */ = {isa = PBXFileReference; lastKnownFileType = sourcecode.swift; path = ViewController.swift; sourceTree = "<group>"; };
		79FFD751247F7E5D00ABB455 /* Base */ = {isa = PBXFileReference; lastKnownFileType = file.storyboard; name = Base; path = Base.lproj/Main.storyboard; sourceTree = "<group>"; };
		79FFD753247F7E6800ABB455 /* Assets.xcassets */ = {isa = PBXFileReference; lastKnownFileType = folder.assetcatalog; path = Assets.xcassets; sourceTree = "<group>"; };
		79FFD756247F7E6800ABB455 /* Base */ = {isa = PBXFileReference; lastKnownFileType = file.storyboard; name = Base; path = Base.lproj/LaunchScreen.storyboard; sourceTree = "<group>"; };
		79FFD758247F7E6800ABB455 /* Info.plist */ = {isa = PBXFileReference; lastKnownFileType = text.plist.xml; path = Info.plist; sourceTree = "<group>"; };
/* End PBXFileReference section */

/* Begin PBXFrameworksBuildPhase section */
		79FFD744247F7E5D00ABB455 /* Frameworks */ = {
			isa = PBXFrameworksBuildPhase;
			buildActionMask = 2147483647;
			files = (
			);
			runOnlyForDeploymentPostprocessing = 0;
		};
/* End PBXFrameworksBuildPhase section */

/* Begin PBXGroup section */
		79FFD73E247F7E5D00ABB455 = {
			isa = PBXGroup;
			children = (
				79FFD749247F7E5D00ABB455 /* iPhoneOneApp */,
				79FFD748247F7E5D00ABB455 /* Products */,
			);
			sourceTree = "<group>";
		};
		79FFD748247F7E5D00ABB455 /* Products */ = {
			isa = PBXGroup;
			children = (
				79FFD747247F7E5D00ABB455 /* iPhoneOneApp.app */,
			);
			name = Products;
			sourceTree = "<group>";
		};
		79FFD749247F7E5D00ABB455 /* iPhoneOneApp */ = {
			isa = PBXGroup;
			children = (
				79FFD74A247F7E5D00ABB455 /* AppDelegate.swift */,
				79FFD74C247F7E5D00ABB455 /* SceneDelegate.swift */,
				79FFD74E247F7E5D00ABB455 /* ViewController.swift */,
				79FFD750247F7E5D00ABB455 /* Main.storyboard */,
				79FFD753247F7E6800ABB455 /* Assets.xcassets */,
				79FFD755247F7E6800ABB455 /* LaunchScreen.storyboard */,
				79FFD758247F7E6800ABB455 /* Info.plist */,
			);
			path = iPhoneOneApp;
			sourceTree = "<group>";
		};
/* End PBXGroup section */

/* Begin PBXNativeTarget section */
		79FFD746247F7E5D00ABB455 /* iPhoneOneApp */ = {
			isa = PBXNativeTarget;
			buildConfigurationList = 79FFD75B247F7E6800ABB455 /* Build configuration list for PBXNativeTarget "iPhoneOneApp" */;
			buildPhases = (
				79FFD743247F7E5D00ABB455 /* Sources */,
				79FFD744247F7E5D00ABB455 /* Frameworks */,
				79FFD745247F7E5D00ABB455 /* Resources */,
			);
			buildRules = (
			);
			dependencies = (
			);
			name = iPhoneOneApp;
			productName = iPhoneOneApp;
			productReference = 79FFD747247F7E5D00ABB455 /* iPhoneOneApp.app */;
			productType = "com.apple.product-type.application";
		};
/* End PBXNativeTarget section */

/* Begin PBXProject section */
		79FFD73F247F7E5D00ABB455 /* Project object */ = {
			isa = PBXProject;
			attributes = {
				LastSwiftUpdateCheck = 1150;
				LastUpgradeCheck = 1150;
				ORGANIZATIONNAME = "江龙";
				TargetAttributes = {
					79FFD746247F7E5D00ABB455 = {
						CreatedOnToolsVersion = 11.5;
					};
				};
			};
			buildConfigurationList = 79FFD742247F7E5D00ABB455 /* Build configuration list for PBXProject "iPhoneOneApp" */;
			compatibilityVersion = "Xcode 9.3";
			developmentRegion = en;
			hasScannedForEncodings = 0;
			knownRegions = (
				en,
				Base,
			);
			mainGroup = 79FFD73E247F7E5D00ABB455;
			productRefGroup = 79FFD748247F7E5D00ABB455 /* Products */;
			projectDirPath = "";
			projectRoot = "";
			targets = (
				79FFD746247F7E5D00ABB455 /* iPhoneOneApp */,
			);
		};
/* End PBXProject section */

/* Begin PBXResourcesBuildPhase section */
		79FFD745247F7E5D00ABB455 /* Resources */ = {
			isa = PBXResourcesBuildPhase;
			buildActionMask = 2147483647;
			files = (
				79FFD757247F7E6800ABB455 /* LaunchScreen.storyboard in Resources */,
				79FFD754247F7E6800ABB455 /* Assets.xcassets in Resources */,
				79FFD752247F7E5D00ABB455 /* Main.storyboard in Resources */,
			);
			runOnlyForDeploymentPostprocessing = 0;
		};
/* End PBXResourcesBuildPhase section */

/* Begin PBXSourcesBuildPhase section */
		79FFD743247F7E5D00ABB455 /* Sources */ = {
			isa = PBXSourcesBuildPhase;
			buildActionMask = 2147483647;
			files = (
				79FFD74F247F7E5D00ABB455 /* ViewController.swift in Sources */,
				79FFD74B247F7E5D00ABB455 /* AppDelegate.swift in Sources */,
				79FFD74D247F7E5D00ABB455 /* SceneDelegate.swift in Sources */,
			);
			runOnlyForDeploymentPostprocessing = 0;
		};
/* End PBXSourcesBuildPhase section */

/* Begin PBXVariantGroup section */
		79FFD750247F7E5D00ABB455 /* Main.storyboard */ = {
			isa = PBXVariantGroup;
			children = (
				79FFD751247F7E5D00ABB455 /* Base */,
			);
			name = Main.storyboard;
			sourceTree = "<group>";
		};
		79FFD755247F7E6800ABB455 /* LaunchScreen.storyboard */ = {
			isa = PBXVariantGroup;
			children = (
				79FFD756247F7E6800ABB455 /* Base */,
			);
			name = LaunchScreen.storyboard;
			sourceTree = "<group>";
		};
/* End PBXVariantGroup section */

/* Begin XCBuildConfiguration section */
		79FFD759247F7E6800ABB455 /* Debug */ = {
			isa = XCBuildConfiguration;
			buildSettings = {
				ALWAYS_SEARCH_USER_PATHS = NO;
				CLANG_ANALYZER_NONNULL = YES;
				CLANG_ANALYZER_NUMBER_OBJECT_CONVERSION = YES_AGGRESSIVE;
				CLANG_CXX_LANGUAGE_STANDARD = "gnu++14";
				CLANG_CXX_LIBRARY = "libc++";
				CLANG_ENABLE_MODULES = YES;
				CLANG_ENABLE_OBJC_ARC = YES;
				CLANG_ENABLE_OBJC_WEAK = YES;
				CLANG_WARN_BLOCK_CAPTURE_AUTORELEASING = YES;
				CLANG_WARN_BOOL_CONVERSION = YES;
				CLANG_WARN_COMMA = YES;
				CLANG_WARN_CONSTANT_CONVERSION = YES;
				CLANG_WARN_DEPRECATED_OBJC_IMPLEMENTATIONS = YES;
				CLANG_WARN_DIRECT_OBJC_ISA_USAGE = YES_ERROR;
				CLANG_WARN_DOCUMENTATION_COMMENTS = YES;
				CLANG_WARN_EMPTY_BODY = YES;
				CLANG_WARN_ENUM_CONVERSION = YES;
				CLANG_WARN_INFINITE_RECURSION = YES;
				CLANG_WARN_INT_CONVERSION = YES;
				CLANG_WARN_NON_LITERAL_NULL_CONVERSION = YES;
				CLANG_WARN_OBJC_IMPLICIT_RETAIN_SELF = YES;
				CLANG_WARN_OBJC_LITERAL_CONVERSION = YES;
				CLANG_WARN_OBJC_ROOT_CLASS = YES_ERROR;
				CLANG_WARN_RANGE_LOOP_ANALYSIS = YES;
				CLANG_WARN_STRICT_PROTOTYPES = YES;
				CLANG_WARN_SUSPICIOUS_MOVE = YES;
				CLANG_WARN_UNGUARDED_AVAILABILITY = YES_AGGRESSIVE;
				CLANG_WARN_UNREACHABLE_CODE = YES;
				CLANG_WARN__DUPLICATE_METHOD_MATCH = YES;
				COPY_PHASE_STRIP = NO;
				DEBUG_INFORMATION_FORMAT = dwarf;
				ENABLE_STRICT_OBJC_MSGSEND = YES;
				ENABLE_TESTABILITY = YES;
				GCC_C_LANGUAGE_STANDARD = gnu11;
				GCC_DYNAMIC_NO_PIC = NO;
				GCC_NO_COMMON_BLOCKS = YES;
				GCC_OPTIMIZATION_LEVEL = 0;
				GCC_PREPROCESSOR_DEFINITIONS = (
					"DEBUG=1",
					"$(inherited)",
				);
				GCC_WARN_64_TO_32_BIT_CONVERSION = YES;
				GCC_WARN_ABOUT_RETURN_TYPE = YES_ERROR;
				GCC_WARN_UNDECLARED_SELECTOR = YES;
				GCC_WARN_UNINITIALIZED_AUTOS = YES_AGGRESSIVE;
				GCC_WARN_UNUSED_FUNCTION = YES;
				GCC_WARN_UNUSED_VARIABLE = YES;
				IPHONEOS_DEPLOYMENT_TARGET = 13.5;
				MTL_ENABLE_DEBUG_INFO = INCLUDE_SOURCE;
				MTL_FAST_MATH = YES;
				ONLY_ACTIVE_ARCH = YES;
				SDKROOT = iphoneos;
				SWIFT_ACTIVE_COMPILATION_CONDITIONS = DEBUG;
				SWIFT_OPTIMIZATION_LEVEL = "-Onone";
			};
			name = Debug;
		};
		79FFD75A247F7E6800ABB455 /* Release */ = {
			isa = XCBuildConfiguration;
			buildSettings = {
				ALWAYS_SEARCH_USER_PATHS = NO;
				CLANG_ANALYZER_NONNULL = YES;
				CLANG_ANALYZER_NUMBER_OBJECT_CONVERSION = YES_AGGRESSIVE;
				CLANG_CXX_LANGUAGE_STANDARD = "gnu++14";
				CLANG_CXX_LIBRARY = "libc++";
				CLANG_ENABLE_MODULES = YES;
				CLANG_ENABLE_OBJC_ARC = YES;
				CLANG_ENABLE_OBJC_WEAK = YES;
				CLANG_WARN_BLOCK_CAPTURE_AUTORELEASING = YES;
				CLANG_WARN_BOOL_CONVERSION = YES;
				CLANG_WARN_COMMA = YES;
				CLANG_WARN_CONSTANT_CONVERSION = YES;
				CLANG_WARN_DEPRECATED_OBJC_IMPLEMENTATIONS = YES;
				CLANG_WARN_DIRECT_OBJC_ISA_USAGE = YES_ERROR;
				CLANG_WARN_DOCUMENTATION_COMMENTS = YES;
				CLANG_WARN_EMPTY_BODY = YES;
				CLANG_WARN_ENUM_CONVERSION = YES;
				CLANG_WARN_INFINITE_RECURSION = YES;
				CLANG_WARN_INT_CONVERSION = YES;
				CLANG_WARN_NON_LITERAL_NULL_CONVERSION = YES;
				CLANG_WARN_OBJC_IMPLICIT_RETAIN_SELF = YES;
				CLANG_WARN_OBJC_LITERAL_CONVERSION = YES;
				CLANG_WARN_OBJC_ROOT_CLASS = YES_ERROR;
				CLANG_WARN_RANGE_LOOP_ANALYSIS = YES;
				CLANG_WARN_STRICT_PROTOTYPES = YES;
				CLANG_WARN_SUSPICIOUS_MOVE = YES;
				CLANG_WARN_UNGUARDED_AVAILABILITY = YES_AGGRESSIVE;
				CLANG_WARN_UNREACHABLE_CODE = YES;
				CLANG_WARN__DUPLICATE_METHOD_MATCH = YES;
				COPY_PHASE_STRIP = NO;
				DEBUG_INFORMATION_FORMAT = "dwarf-with-dsym";
				ENABLE_NS_ASSERTIONS = NO;
				ENABLE_STRICT_OBJC_MSGSEND = YES;
				GCC_C_LANGUAGE_STANDARD = gnu11;
				GCC_NO_COMMON_BLOCKS = YES;
				GCC_WARN_64_TO_32_BIT_CONVERSION = YES;
				GCC_WARN_ABOUT_RETURN_TYPE = YES_ERROR;
				GCC_WARN_UNDECLARED_SELECTOR = YES;
				GCC_WARN_UNINITIALIZED_AUTOS = YES_AGGRESSIVE;
				GCC_WARN_UNUSED_FUNCTION = YES;
				GCC_WARN_UNUSED_VARIABLE = YES;
				IPHONEOS_DEPLOYMENT_TARGET = 13.5;
				MTL_ENABLE_DEBUG_INFO = NO;
				MTL_FAST_MATH = YES;
				SDKROOT = iphoneos;
				SWIFT_COMPILATION_MODE = wholemodule;
				SWIFT_OPTIMIZATION_LEVEL = "-O";
				VALIDATE_PRODUCT = YES;
			};
			name = Release;
		};
		79FFD75C247F7E6800ABB455 /* Debug */ = {
			isa = XCBuildConfiguration;
			buildSettings = {
				ASSETCATALOG_COMPILER_APPICON_NAME = AppIcon;
				CODE_SIGN_STYLE = Automatic;
				INFOPLIST_FILE = iPhoneOneApp/Info.plist;
				LD_RUNPATH_SEARCH_PATHS = (
					"$(inherited)",
					"@executable_path/Frameworks",
				);
				PRODUCT_BUNDLE_IDENTIFIER = YLHOME.iPhoneOneApp;
				PRODUCT_NAME = "$(TARGET_NAME)";
				SWIFT_VERSION = 5.0;
				TARGETED_DEVICE_FAMILY = "1,2";
			};
			name = Debug;
		};
		79FFD75D247F7E6800ABB455 /* Release */ = {
			isa = XCBuildConfiguration;
			buildSettings = {
				ASSETCATALOG_COMPILER_APPICON_NAME = AppIcon;
				CODE_SIGN_STYLE = Automatic;
				INFOPLIST_FILE = iPhoneOneApp/Info.plist;
				LD_RUNPATH_SEARCH_PATHS = (
					"$(inherited)",
					"@executable_path/Frameworks",
				);
				PRODUCT_BUNDLE_IDENTIFIER = YLHOME.iPhoneOneApp;
				PRODUCT_NAME = "$(TARGET_NAME)";
				SWIFT_VERSION = 5.0;
				TARGETED_DEVICE_FAMILY = "1,2";
			};
			name = Release;
		};
/* End XCBuildConfiguration section */

/* Begin XCConfigurationList section */
		79FFD742247F7E5D00ABB455 /* Build configuration list for PBXProject "iPhoneOneApp" */ = {
			isa = XCConfigurationList;
			buildConfigurations = (
				79FFD759247F7E6800ABB455 /* Debug */,
				79FFD75A247F7E6800ABB455 /* Release */,
			);
			defaultConfigurationIsVisible = 0;
			defaultConfigurationName = Release;
		};
		79FFD75B247F7E6800ABB455 /* Build configuration list for PBXNativeTarget "iPhoneOneApp" */ = {
			isa = XCConfigurationList;
			buildConfigurations = (
				79FFD75C247F7E6800ABB455 /* Debug */,
				79FFD75D247F7E6800ABB455 /* Release */,
			);
			defaultConfigurationIsVisible = 0;
			defaultConfigurationName = Release;
		};
/* End XCConfigurationList section */
	};
	rootObject = 79FFD73F247F7E5D00ABB455 /* Project object */;
}
